// !$*UTF8*$!
{
	archiveVersion = 1;
	classes = {
	};
	objectVersion = 56;
	objects = {

/* Begin PBXBuildFile section */
		0DC2A34B2E9210BF00D468CE /* FoodFeedApp.swift in Sources */ = {isa = PBXBuildFile; fileRef = 0DC2A34A2E9210BF00D468CE /* FoodFeedApp.swift */; };
		0DC2A34D2E9210BF00D468CE /* ContentView.swift in Sources */ = {isa = PBXBuildFile; fileRef = 0DC2A34C2E9210BF00D468CE /* ContentView.swift */; };
		0DC2A34F2E9210C500D468CE /* Assets.xcassets in Resources */ = {isa = PBXBuildFile; fileRef = 0DC2A34E2E9210C500D468CE /* Assets.xcassets */; };
		0DC2A3522E9210C500D468CE /* Preview Assets.xcassets in Resources */ = {isa = PBXBuildFile; fileRef = 0DC2A3512E9210C500D468CE /* Preview Assets.xcassets */; };
		0DC2A35C2E9210C600D468CE /* FoodFeedTests.swift in Sources */ = {isa = PBXBuildFile; fileRef = 0DC2A35B2E9210C600D468CE /* FoodFeedTests.swift */; };
		0DC2A3662E9210C600D468CE /* FoodFeedUITests.swift in Sources */ = {isa = PBXBuildFile; fileRef = 0DC2A3652E9210C600D468CE /* FoodFeedUITests.swift */; };
		0DC2A3682E9210C600D468CE /* FoodFeedUITestsLaunchTests.swift in Sources */ = {isa = PBXBuildFile; fileRef = 0DC2A3672E9210C600D468CE /* FoodFeedUITestsLaunchTests.swift */; };
/* End PBXBuildFile section */

/* Begin PBXContainerItemProxy section */
		0DC2A3582E9210C600D468CE /* PBXContainerItemProxy */ = {
			isa = PBXContainerItemProxy;
			containerPortal = 0DC2A33F2E9210BF00D468CE /* Project object */;
			proxyType = 1;
			remoteGlobalIDString = 0DC2A3462E9210BF00D468CE;
			remoteInfo = FoodFeed;
		};
		0DC2A3622E9210C600D468CE /* PBXContainerItemProxy */ = {
			isa = PBXContainerItemProxy;
			containerPortal = 0DC2A33F2E9210BF00D468CE /* Project object */;
			proxyType = 1;
			remoteGlobalIDString = 0DC2A3462E9210BF00D468CE;
			remoteInfo = FoodFeed;
		};
/* End PBXContainerItemProxy section */

/* Begin PBXFileReference section */
		0DC2A3472E9210BF00D468CE /* FoodFeed.app */ = {isa = PBXFileReference; explicitFileType = wrapper.application; includeInIndex = 0; path = FoodFeed.app; sourceTree = BUILT_PRODUCTS_DIR; };
		0DC2A34A2E9210BF00D468CE /* FoodFeedApp.swift */ = {isa = PBXFileReference; lastKnownFileType = sourcecode.swift; path = FoodFeedApp.swift; sourceTree = "<group>"; };
		0DC2A34C2E9210BF00D468CE /* ContentView.swift */ = {isa = PBXFileReference; lastKnownFileType = sourcecode.swift; path = ContentView.swift; sourceTree = "<group>"; };
		0DC2A34E2E9210C500D468CE /* Assets.xcassets */ = {isa = PBXFileReference; lastKnownFileType = folder.assetcatalog; path = Assets.xcassets; sourceTree = "<group>"; };
		0DC2A3512E9210C500D468CE /* Preview Assets.xcassets */ = {isa = PBXFileReference; lastKnownFileType = folder.assetcatalog; path = "Preview Assets.xcassets"; sourceTree = "<group>"; };
		0DC2A3572E9210C600D468CE /* FoodFeedTests.xctest */ = {isa = PBXFileReference; explicitFileType = wrapper.cfbundle; includeInIndex = 0; path = FoodFeedTests.xctest; sourceTree = BUILT_PRODUCTS_DIR; };
		0DC2A35B2E9210C600D468CE /* FoodFeedTests.swift */ = {isa = PBXFileReference; lastKnownFileType = sourcecode.swift; path = FoodFeedTests.swift; sourceTree = "<group>"; };
		0DC2A3612E9210C600D468CE /* FoodFeedUITests.xctest */ = {isa = PBXFileReference; explicitFileType = wrapper.cfbundle; includeInIndex = 0; path = FoodFeedUITests.xctest; sourceTree = BUILT_PRODUCTS_DIR; };
		0DC2A3652E9210C600D468CE /* FoodFeedUITests.swift */ = {isa = PBXFileReference; lastKnownFileType = sourcecode.swift; path = FoodFeedUITests.swift; sourceTree = "<group>"; };
		0DC2A3672E9210C600D468CE /* FoodFeedUITestsLaunchTests.swift */ = {isa = PBXFileReference; lastKnownFileType = sourcecode.swift; path = FoodFeedUITestsLaunchTests.swift; sourceTree = "<group>"; };
/* End PBXFileReference section */

/* Begin PBXFrameworksBuildPhase section */
		0DC2A3442E9210BF00D468CE /* Frameworks */ = {
			isa = PBXFrameworksBuildPhase;
			buildActionMask = 2147483647;
			files = (
			);
			runOnlyForDeploymentPostprocessing = 0;
		};
		0DC2A3542E9210C600D468CE /* Frameworks */ = {
			isa = PBXFrameworksBuildPhase;
			buildActionMask = 2147483647;
			files = (
			);
			runOnlyForDeploymentPostprocessing = 0;
		};
		0DC2A35E2E9210C600D468CE /* Frameworks */ = {
			isa = PBXFrameworksBuildPhase;
			buildActionMask = 2147483647;
			files = (
			);
			runOnlyForDeploymentPostprocessing = 0;
		};
/* End PBXFrameworksBuildPhase section */

/* Begin PBXGroup section */
		0DC2A33E2E9210BF00D468CE = {
			isa = PBXGroup;
			children = (
				0DC2A3492E9210BF00D468CE /* FoodFeed */,
				0DC2A35A2E9210C600D468CE /* FoodFeedTests */,
				0DC2A3642E9210C600D468CE /* FoodFeedUITests */,
				0DC2A3482E9210BF00D468CE /* Products */,
			);
			sourceTree = "<group>";
		};
		0DC2A3482E9210BF00D468CE /* Products */ = {
			isa = PBXGroup;
			children = (
				0DC2A3472E9210BF00D468CE /* FoodFeed.app */,
				0DC2A3572E9210C600D468CE /* FoodFeedTests.xctest */,
				0DC2A3612E9210C600D468CE /* FoodFeedUITests.xctest */,
			);
			name = Products;
			sourceTree = "<group>";
		};
		0DC2A3492E9210BF00D468CE /* FoodFeed */ = {
			isa = PBXGroup;
			children = (
				0DC2A34A2E9210BF00D468CE /* FoodFeedApp.swift */,
				0DC2A34C2E9210BF00D468CE /* ContentView.swift */,
				0DC2A34E2E9210C500D468CE /* Assets.xcassets */,
				0DC2A3502E9210C500D468CE /* Preview Content */,
			);
			path = FoodFeed;
			sourceTree = "<group>";
		};
		0DC2A3502E9210C500D468CE /* Preview Content */ = {
			isa = PBXGroup;
			children = (
				0DC2A3512E9210C500D468CE /* Preview Assets.xcassets */,
			);
			path = "Preview Content";
			sourceTree = "<group>";
		};
		0DC2A35A2E9210C600D468CE /* FoodFeedTests */ = {
			isa = PBXGroup;
			children = (
				0DC2A35B2E9210C600D468CE /* FoodFeedTests.swift */,
			);
			path = FoodFeedTests;
			sourceTree = "<group>";
		};
		0DC2A3642E9210C600D468CE /* FoodFeedUITests */ = {
			isa = PBXGroup;
			children = (
				0DC2A3652E9210C600D468CE /* FoodFeedUITests.swift */,
				0DC2A3672E9210C600D468CE /* FoodFeedUITestsLaunchTests.swift */,
			);
			path = FoodFeedUITests;
			sourceTree = "<group>";
		};
/* End PBXGroup section */

/* Begin PBXNativeTarget section */
		0DC2A3462E9210BF00D468CE /* FoodFeed */ = {
			isa = PBXNativeTarget;
			buildConfigurationList = 0DC2A36B2E9210C600D468CE /* Build configuration list for PBXNativeTarget "FoodFeed" */;
			buildPhases = (
				0DC2A3432E9210BF00D468CE /* Sources */,
				0DC2A3442E9210BF00D468CE /* Frameworks */,
				0DC2A3452E9210BF00D468CE /* Resources */,
			);
			buildRules = (
			);
			dependencies = (
			);
			name = FoodFeed;
			productName = FoodFeed;
			productReference = 0DC2A3472E9210BF00D468CE /* FoodFeed.app */;
			productType = "com.apple.product-type.application";
		};
		0DC2A3562E9210C600D468CE /* FoodFeedTests */ = {
			isa = PBXNativeTarget;
			buildConfigurationList = 0DC2A36E2E9210C600D468CE /* Build configuration list for PBXNativeTarget "FoodFeedTests" */;
			buildPhases = (
				0DC2A3532E9210C600D468CE /* Sources */,
				0DC2A3542E9210C600D468CE /* Frameworks */,
				0DC2A3552E9210C600D468CE /* Resources */,
			);
			buildRules = (
			);
			dependencies = (
				0DC2A3592E9210C600D468CE /* PBXTargetDependency */,
			);
			name = FoodFeedTests;
			productName = FoodFeedTests;
			productReference = 0DC2A3572E9210C600D468CE /* FoodFeedTests.xctest */;
			productType = "com.apple.product-type.bundle.unit-test";
		};
		0DC2A3602E9210C600D468CE /* FoodFeedUITests */ = {
			isa = PBXNativeTarget;
			buildConfigurationList = 0DC2A3712E9210C600D468CE /* Build configuration list for PBXNativeTarget "FoodFeedUITests" */;
			buildPhases = (
				0DC2A35D2E9210C600D468CE /* Sources */,
				0DC2A35E2E9210C600D468CE /* Frameworks */,
				0DC2A35F2E9210C600D468CE /* Resources */,
			);
			buildRules = (
			);
			dependencies = (
				0DC2A3632E9210C600D468CE /* PBXTargetDependency */,
			);
			name = FoodFeedUITests;
			productName = FoodFeedUITests;
			productReference = 0DC2A3612E9210C600D468CE /* FoodFeedUITests.xctest */;
			productType = "com.apple.product-type.bundle.ui-testing";
		};
/* End PBXNativeTarget section */

/* Begin PBXProject section */
		0DC2A33F2E9210BF00D468CE /* Project object */ = {
			isa = PBXProject;
			attributes = {
				BuildIndependentTargetsInParallel = 1;
				LastSwiftUpdateCheck = 1520;
				LastUpgradeCheck = 1520;
				TargetAttributes = {
					0DC2A3462E9210BF00D468CE = {
						CreatedOnToolsVersion = 15.2;
					};
					0DC2A3562E9210C600D468CE = {
						CreatedOnToolsVersion = 15.2;
						TestTargetID = 0DC2A3462E9210BF00D468CE;
					};
					0DC2A3602E9210C600D468CE = {
						CreatedOnToolsVersion = 15.2;
						TestTargetID = 0DC2A3462E9210BF00D468CE;
					};
				};
			};
			buildConfigurationList = 0DC2A3422E9210BF00D468CE /* Build configuration list for PBXProject "FoodFeed" */;
			compatibilityVersion = "Xcode 14.0";
			developmentRegion = en;
			hasScannedForEncodings = 0;
			knownRegions = (
				en,
				Base,
			);
			mainGroup = 0DC2A33E2E9210BF00D468CE;
			productRefGroup = 0DC2A3482E9210BF00D468CE /* Products */;
			projectDirPath = "";
			projectRoot = "";
			targets = (
				0DC2A3462E9210BF00D468CE /* FoodFeed */,
				0DC2A3562E9210C600D468CE /* FoodFeedTests */,
				0DC2A3602E9210C600D468CE /* FoodFeedUITests */,
			);
		};
/* End PBXProject section */

/* Begin PBXResourcesBuildPhase section */
		0DC2A3452E9210BF00D468CE /* Resources */ = {
			isa = PBXResourcesBuildPhase;
			buildActionMask = 2147483647;
			files = (
				0DC2A3522E9210C500D468CE /* Preview Assets.xcassets in Resources */,
				0DC2A34F2E9210C500D468CE /* Assets.xcassets in Resources */,
			);
			runOnlyForDeploymentPostprocessing = 0;
		};
		0DC2A3552E9210C600D468CE /* Resources */ = {
			isa = PBXResourcesBuildPhase;
			buildActionMask = 2147483647;
			files = (
			);
			runOnlyForDeploymentPostprocessing = 0;
		};
		0DC2A35F2E9210C600D468CE /* Resources */ = {
			isa = PBXResourcesBuildPhase;
			buildActionMask = 2147483647;
			files = (
			);
			runOnlyForDeploymentPostprocessing = 0;
		};
/* End PBXResourcesBuildPhase section */

/* Begin PBXSourcesBuildPhase section */
		0DC2A3432E9210BF00D468CE /* Sources */ = {
			isa = PBXSourcesBuildPhase;
			buildActionMask = 2147483647;
			files = (
				0DC2A34D2E9210BF00D468CE /* ContentView.swift in Sources */,
				0DC2A34B2E9210BF00D468CE /* FoodFeedApp.swift in Sources */,
			);
			runOnlyForDeploymentPostprocessing = 0;
		};
		0DC2A3532E9210C600D468CE /* Sources */ = {
			isa = PBXSourcesBuildPhase;
			buildActionMask = 2147483647;
			files = (
				0DC2A35C2E9210C600D468CE /* FoodFeedTests.swift in Sources */,
			);
			runOnlyForDeploymentPostprocessing = 0;
		};
		0DC2A35D2E9210C600D468CE /* Sources */ = {
			isa = PBXSourcesBuildPhase;
			buildActionMask = 2147483647;
			files = (
				0DC2A3682E9210C600D468CE /* FoodFeedUITestsLaunchTests.swift in Sources */,
				0DC2A3662E9210C600D468CE /* FoodFeedUITests.swift in Sources */,
			);
			runOnlyForDeploymentPostprocessing = 0;
		};
/* End PBXSourcesBuildPhase section */

/* Begin PBXTargetDependency section */
		0DC2A3592E9210C600D468CE /* PBXTargetDependency */ = {
			isa = PBXTargetDependency;
			target = 0DC2A3462E9210BF00D468CE /* FoodFeed */;
			targetProxy = 0DC2A3582E9210C600D468CE /* PBXContainerItemProxy */;
		};
		0DC2A3632E9210C600D468CE /* PBXTargetDependency */ = {
			isa = PBXTargetDependency;
			target = 0DC2A3462E9210BF00D468CE /* FoodFeed */;
			targetProxy = 0DC2A3622E9210C600D468CE /* PBXContainerItemProxy */;
		};
/* End PBXTargetDependency section */

/* Begin XCBuildConfiguration section */
		0DC2A3692E9210C600D468CE /* Debug */ = {
			isa = XCBuildConfiguration;
			buildSettings = {
				ALWAYS_SEARCH_USER_PATHS = NO;
				ASSETCATALOG_COMPILER_GENERATE_SWIFT_ASSET_SYMBOL_EXTENSIONS = YES;
				CLANG_ANALYZER_NONNULL = YES;
				CLANG_ANALYZER_NUMBER_OBJECT_CONVERSION = YES_AGGRESSIVE;
				CLANG_CXX_LANGUAGE_STANDARD = "gnu++20";
				CLANG_ENABLE_MODULES = YES;
				CLANG_ENABLE_OBJC_ARC = YES;
				CLANG_ENABLE_OBJC_WEAK = YES;
				CLANG_WARN_BLOCK_CAPTURE_AUTORELEASING = YES;
				CLANG_WARN_BOOL_CONVERSION = YES;
				CLANG_WARN_COMMA = YES;
				CLANG_WARN_CONSTANT_CONVERSION = YES;
				CLANG_WARN_DEPRECATED_OBJC_IMPLEMENTATIONS = YES;
				CLANG_WARN_DIRECT_OBJC_ISA_USAGE = YES_ERROR;
				CLANG_WARN_DOCUMENTATION_COMMENTS = YES;
				CLANG_WARN_EMPTY_BODY = YES;
				CLANG_WARN_ENUM_CONVERSION = YES;
				CLANG_WARN_INFINITE_RECURSION = YES;
				CLANG_WARN_INT_CONVERSION = YES;
				CLANG_WARN_NON_LITERAL_NULL_CONVERSION = YES;
				CLANG_WARN_OBJC_IMPLICIT_RETAIN_SELF = YES;
				CLANG_WARN_OBJC_LITERAL_CONVERSION = YES;
				CLANG_WARN_OBJC_ROOT_CLASS = YES_ERROR;
				CLANG_WARN_QUOTED_INCLUDE_IN_FRAMEWORK_HEADER = YES;
				CLANG_WARN_RANGE_LOOP_ANALYSIS = YES;
				CLANG_WARN_STRICT_PROTOTYPES = YES;
				CLANG_WARN_SUSPICIOUS_MOVE = YES;
				CLANG_WARN_UNGUARDED_AVAILABILITY = YES_AGGRESSIVE;
				CLANG_WARN_UNREACHABLE_CODE = YES;
				CLANG_WARN__DUPLICATE_METHOD_MATCH = YES;
				COPY_PHASE_STRIP = NO;
				DEBUG_INFORMATION_FORMAT = dwarf;
				ENABLE_STRICT_OBJC_MSGSEND = YES;
				ENABLE_TESTABILITY = YES;
				ENABLE_USER_SCRIPT_SANDBOXING = YES;
				GCC_C_LANGUAGE_STANDARD = gnu17;
				GCC_DYNAMIC_NO_PIC = NO;
				GCC_NO_COMMON_BLOCKS = YES;
				GCC_OPTIMIZATION_LEVEL = 0;
				GCC_PREPROCESSOR_DEFINITIONS = (
					"DEBUG=1",
					"$(inherited)",
				);
				GCC_WARN_64_TO_32_BIT_CONVERSION = YES;
				GCC_WARN_ABOUT_RETURN_TYPE = YES_ERROR;
				GCC_WARN_UNDECLARED_SELECTOR = YES;
				GCC_WARN_UNINITIALIZED_AUTOS = YES_AGGRESSIVE;
				GCC_WARN_UNUSED_FUNCTION = YES;
				GCC_WARN_UNUSED_VARIABLE = YES;
				IPHONEOS_DEPLOYMENT_TARGET = 17.2;
				LOCALIZATION_PREFERS_STRING_CATALOGS = YES;
				MTL_ENABLE_DEBUG_INFO = INCLUDE_SOURCE;
				MTL_FAST_MATH = YES;
				ONLY_ACTIVE_ARCH = YES;
				SDKROOT = iphoneos;
				SWIFT_ACTIVE_COMPILATION_CONDITIONS = "DEBUG $(inherited)";
				SWIFT_OPTIMIZATION_LEVEL = "-Onone";
			};
			name = Debug;
		};
		0DC2A36A2E9210C600D468CE /* Release */ = {
			isa = XCBuildConfiguration;
			buildSettings = {
				ALWAYS_SEARCH_USER_PATHS = NO;
				ASSETCATALOG_COMPILER_GENERATE_SWIFT_ASSET_SYMBOL_EXTENSIONS = YES;
				CLANG_ANALYZER_NONNULL = YES;
				CLANG_ANALYZER_NUMBER_OBJECT_CONVERSION = YES_AGGRESSIVE;
				CLANG_CXX_LANGUAGE_STANDARD = "gnu++20";
				CLANG_ENABLE_MODULES = YES;
				CLANG_ENABLE_OBJC_ARC = YES;
				CLANG_ENABLE_OBJC_WEAK = YES;
				CLANG_WARN_BLOCK_CAPTURE_AUTORELEASING = YES;
				CLANG_WARN_BOOL_CONVERSION = YES;
				CLANG_WARN_COMMA = YES;
				CLANG_WARN_CONSTANT_CONVERSION = YES;
				CLANG_WARN_DEPRECATED_OBJC_IMPLEMENTATIONS = YES;
				CLANG_WARN_DIRECT_OBJC_ISA_USAGE = YES_ERROR;
				CLANG_WARN_DOCUMENTATION_COMMENTS = YES;
				CLANG_WARN_EMPTY_BODY = YES;
				CLANG_WARN_ENUM_CONVERSION = YES;
				CLANG_WARN_INFINITE_RECURSION = YES;
				CLANG_WARN_INT_CONVERSION = YES;
				CLANG_WARN_NON_LITERAL_NULL_CONVERSION = YES;
				CLANG_WARN_OBJC_IMPLICIT_RETAIN_SELF = YES;
				CLANG_WARN_OBJC_LITERAL_CONVERSION = YES;
				CLANG_WARN_OBJC_ROOT_CLASS = YES_ERROR;
				CLANG_WARN_QUOTED_INCLUDE_IN_FRAMEWORK_HEADER = YES;
				CLANG_WARN_RANGE_LOOP_ANALYSIS = YES;
				CLANG_WARN_STRICT_PROTOTYPES = YES;
				CLANG_WARN_SUSPICIOUS_MOVE = YES;
				CLANG_WARN_UNGUARDED_AVAILABILITY = YES_AGGRESSIVE;
				CLANG_WARN_UNREACHABLE_CODE = YES;
				CLANG_WARN__DUPLICATE_METHOD_MATCH = YES;
				COPY_PHASE_STRIP = NO;
				DEBUG_INFORMATION_FORMAT = "dwarf-with-dsym";
				ENABLE_NS_ASSERTIONS = NO;
				ENABLE_STRICT_OBJC_MSGSEND = YES;
				ENABLE_USER_SCRIPT_SANDBOXING = YES;
				GCC_C_LANGUAGE_STANDARD = gnu17;
				GCC_NO_COMMON_BLOCKS = YES;
				GCC_WARN_64_TO_32_BIT_CONVERSION = YES;
				GCC_WARN_ABOUT_RETURN_TYPE = YES_ERROR;
				GCC_WARN_UNDECLARED_SELECTOR = YES;
				GCC_WARN_UNINITIALIZED_AUTOS = YES_AGGRESSIVE;
				GCC_WARN_UNUSED_FUNCTION = YES;
				GCC_WARN_UNUSED_VARIABLE = YES;
				IPHONEOS_DEPLOYMENT_TARGET = 17.2;
				LOCALIZATION_PREFERS_STRING_CATALOGS = YES;
				MTL_ENABLE_DEBUG_INFO = NO;
				MTL_FAST_MATH = YES;
				SDKROOT = iphoneos;
				SWIFT_COMPILATION_MODE = wholemodule;
				VALIDATE_PRODUCT = YES;
			};
			name = Release;
		};
		0DC2A36C2E9210C600D468CE /* Debug */ = {
			isa = XCBuildConfiguration;
			buildSettings = {
				ASSETCATALOG_COMPILER_APPICON_NAME = AppIcon;
				ASSETCATALOG_COMPILER_GLOBAL_ACCENT_COLOR_NAME = AccentColor;
				CODE_SIGN_STYLE = Automatic;
				CURRENT_PROJECT_VERSION = 1;
				DEVELOPMENT_ASSET_PATHS = "\"FoodFeed/Preview Content\"";
				ENABLE_PREVIEWS = YES;
				GENERATE_INFOPLIST_FILE = YES;
				INFOPLIST_KEY_UIApplicationSceneManifest_Generation = YES;
				INFOPLIST_KEY_UIApplicationSupportsIndirectInputEvents = YES;
				INFOPLIST_KEY_UILaunchScreen_Generation = YES;
				INFOPLIST_KEY_UISupportedInterfaceOrientations_iPad = "UIInterfaceOrientationPortrait UIInterfaceOrientationPortraitUpsideDown UIInterfaceOrientationLandscapeLeft UIInterfaceOrientationLandscapeRight";
				INFOPLIST_KEY_UISupportedInterfaceOrientations_iPhone = "UIInterfaceOrientationPortrait UIInterfaceOrientationLandscapeLeft UIInterfaceOrientationLandscapeRight";
				LD_RUNPATH_SEARCH_PATHS = (
					"$(inherited)",
					"@executable_path/Frameworks",
				);
				MARKETING_VERSION = 1.0;
				PRODUCT_BUNDLE_IDENTIFIER = project.FoodFeed;
				PRODUCT_NAME = "$(TARGET_NAME)";
				SWIFT_EMIT_LOC_STRINGS = YES;
				SWIFT_VERSION = 5.0;
				TARGETED_DEVICE_FAMILY = "1,2";
			};
			name = Debug;
		};
		0DC2A36D2E9210C600D468CE /* Release */ = {
			isa = XCBuildConfiguration;
			buildSettings = {
				ASSETCATALOG_COMPILER_APPICON_NAME = AppIcon;
				ASSETCATALOG_COMPILER_GLOBAL_ACCENT_COLOR_NAME = AccentColor;
				CODE_SIGN_STYLE = Automatic;
				CURRENT_PROJECT_VERSION = 1;
				DEVELOPMENT_ASSET_PATHS = "\"FoodFeed/Preview Content\"";
				ENABLE_PREVIEWS = YES;
				GENERATE_INFOPLIST_FILE = YES;
				INFOPLIST_KEY_UIApplicationSceneManifest_Generation = YES;
				INFOPLIST_KEY_UIApplicationSupportsIndirectInputEvents = YES;
				INFOPLIST_KEY_UILaunchScreen_Generation = YES;
				INFOPLIST_KEY_UISupportedInterfaceOrientations_iPad = "UIInterfaceOrientationPortrait UIInterfaceOrientationPortraitUpsideDown UIInterfaceOrientationLandscapeLeft UIInterfaceOrientationLandscapeRight";
				INFOPLIST_KEY_UISupportedInterfaceOrientations_iPhone = "UIInterfaceOrientationPortrait UIInterfaceOrientationLandscapeLeft UIInterfaceOrientationLandscapeRight";
				LD_RUNPATH_SEARCH_PATHS = (
					"$(inherited)",
					"@executable_path/Frameworks",
				);
				MARKETING_VERSION = 1.0;
				PRODUCT_BUNDLE_IDENTIFIER = project.FoodFeed;
				PRODUCT_NAME = "$(TARGET_NAME)";
				SWIFT_EMIT_LOC_STRINGS = YES;
				SWIFT_VERSION = 5.0;
				TARGETED_DEVICE_FAMILY = "1,2";
			};
			name = Release;
		};
		0DC2A36F2E9210C600D468CE /* Debug */ = {
			isa = XCBuildConfiguration;
			buildSettings = {
				ALWAYS_EMBED_SWIFT_STANDARD_LIBRARIES = YES;
				BUNDLE_LOADER = "$(TEST_HOST)";
				CODE_SIGN_STYLE = Automatic;
				CURRENT_PROJECT_VERSION = 1;
				GENERATE_INFOPLIST_FILE = YES;
				IPHONEOS_DEPLOYMENT_TARGET = 17.2;
				MARKETING_VERSION = 1.0;
				PRODUCT_BUNDLE_IDENTIFIER = project.FoodFeedTests;
				PRODUCT_NAME = "$(TARGET_NAME)";
				SWIFT_EMIT_LOC_STRINGS = NO;
				SWIFT_VERSION = 5.0;
				TARGETED_DEVICE_FAMILY = "1,2";
				TEST_HOST = "$(BUILT_PRODUCTS_DIR)/FoodFeed.app/$(BUNDLE_EXECUTABLE_FOLDER_PATH)/FoodFeed";
			};
			name = Debug;
		};
		0DC2A3702E9210C600D468CE /* Release */ = {
			isa = XCBuildConfiguration;
			buildSettings = {
				ALWAYS_EMBED_SWIFT_STANDARD_LIBRARIES = YES;
				BUNDLE_LOADER = "$(TEST_HOST)";
				CODE_SIGN_STYLE = Automatic;
				CURRENT_PROJECT_VERSION = 1;
				GENERATE_INFOPLIST_FILE = YES;
				IPHONEOS_DEPLOYMENT_TARGET = 17.2;
				MARKETING_VERSION = 1.0;
				PRODUCT_BUNDLE_IDENTIFIER = project.FoodFeedTests;
				PRODUCT_NAME = "$(TARGET_NAME)";
				SWIFT_EMIT_LOC_STRINGS = NO;
				SWIFT_VERSION = 5.0;
				TARGETED_DEVICE_FAMILY = "1,2";
				TEST_HOST = "$(BUILT_PRODUCTS_DIR)/FoodFeed.app/$(BUNDLE_EXECUTABLE_FOLDER_PATH)/FoodFeed";
			};
			name = Release;
		};
		0DC2A3722E9210C600D468CE /* Debug */ = {
			isa = XCBuildConfiguration;
			buildSettings = {
				ALWAYS_EMBED_SWIFT_STANDARD_LIBRARIES = YES;
				CODE_SIGN_STYLE = Automatic;
				CURRENT_PROJECT_VERSION = 1;
				GENERATE_INFOPLIST_FILE = YES;
				MARKETING_VERSION = 1.0;
				PRODUCT_BUNDLE_IDENTIFIER = project.FoodFeedUITests;
				PRODUCT_NAME = "$(TARGET_NAME)";
				SWIFT_EMIT_LOC_STRINGS = NO;
				SWIFT_VERSION = 5.0;
				TARGETED_DEVICE_FAMILY = "1,2";
				TEST_TARGET_NAME = FoodFeed;
			};
			name = Debug;
		};
		0DC2A3732E9210C600D468CE /* Release */ = {
			isa = XCBuildConfiguration;
			buildSettings = {
				ALWAYS_EMBED_SWIFT_STANDARD_LIBRARIES = YES;
				CODE_SIGN_STYLE = Automatic;
				CURRENT_PROJECT_VERSION = 1;
				GENERATE_INFOPLIST_FILE = YES;
				MARKETING_VERSION = 1.0;
				PRODUCT_BUNDLE_IDENTIFIER = project.FoodFeedUITests;
				PRODUCT_NAME = "$(TARGET_NAME)";
				SWIFT_EMIT_LOC_STRINGS = NO;
				SWIFT_VERSION = 5.0;
				TARGETED_DEVICE_FAMILY = "1,2";
				TEST_TARGET_NAME = FoodFeed;
			};
			name = Release;
		};
/* End XCBuildConfiguration section */

/* Begin XCConfigurationList section */
		0DC2A3422E9210BF00D468CE /* Build configuration list for PBXProject "FoodFeed" */ = {
			isa = XCConfigurationList;
			buildConfigurations = (
				0DC2A3692E9210C600D468CE /* Debug */,
				0DC2A36A2E9210C600D468CE /* Release */,
			);
			defaultConfigurationIsVisible = 0;
			defaultConfigurationName = Release;
		};
		0DC2A36B2E9210C600D468CE /* Build configuration list for PBXNativeTarget "FoodFeed" */ = {
			isa = XCConfigurationList;
			buildConfigurations = (
				0DC2A36C2E9210C600D468CE /* Debug */,
				0DC2A36D2E9210C600D468CE /* Release */,
			);
			defaultConfigurationIsVisible = 0;
			defaultConfigurationName = Release;
		};
		0DC2A36E2E9210C600D468CE /* Build configuration list for PBXNativeTarget "FoodFeedTests" */ = {
			isa = XCConfigurationList;
			buildConfigurations = (
				0DC2A36F2E9210C600D468CE /* Debug */,
				0DC2A3702E9210C600D468CE /* Release */,
			);
			defaultConfigurationIsVisible = 0;
			defaultConfigurationName = Release;
		};
		0DC2A3712E9210C600D468CE /* Build configuration list for PBXNativeTarget "FoodFeedUITests" */ = {
			isa = XCConfigurationList;
			buildConfigurations = (
				0DC2A3722E9210C600D468CE /* Debug */,
				0DC2A3732E9210C600D468CE /* Release */,
			);
			defaultConfigurationIsVisible = 0;
			defaultConfigurationName = Release;
		};
/* End XCConfigurationList section */
	};
	rootObject = 0DC2A33F2E9210BF00D468CE /* Project object */;
}
